
Microsoft Visual Studio Solution File, Format Version 12.00
# Visual Studio Version 17
VisualStudioVersion = 17.14.36603.0 d17.14
MinimumVisualStudioVersion = 10.0.40219.1
Project("{FAE04EC0-301F-11D3-BF4B-00C04F79EFBC}") = "Tienda_Online", "Tienda_Online.csproj", "{7B87FDF4-5025-4A60-AC9E-D6CBD7C3E98D}"
EndProject
Global
	GlobalSection(SolutionConfigurationPlatforms) = preSolution
		Debug|Any CPU = Debug|Any CPU
		Release|Any CPU = Release|Any CPU
	EndGlobalSection
	GlobalSection(ProjectConfigurationPlatforms) = postSolution
		{7B87FDF4-5025-4A60-AC9E-D6CBD7C3E98D}.Debug|Any CPU.ActiveCfg = Debug|Any CPU
		{7B87FDF4-5025-4A60-AC9E-D6CBD7C3E98D}.Debug|Any CPU.Build.0 = Debug|Any CPU
		{7B87FDF4-5025-4A60-AC9E-D6CBD7C3E98D}.Release|Any CPU.ActiveCfg = Release|Any CPU
		{7B87FDF4-5025-4A60-AC9E-D6CBD7C3E98D}.Release|Any CPU.Build.0 = Release|Any CPU
	EndGlobalSection
	GlobalSection(SolutionProperties) = preSolution
		HideSolutionNode = FALSE
	EndGlobalSection
	GlobalSection(ExtensibilityGlobals) = postSolution
		SolutionGuid = {7EB2783C-209F-42F9-AE7F-69DE5F61732F}
	EndGlobalSection
EndGlobal
